
Microsoft Visual Studio Solution File, Format Version 12.00
# Visual Studio Version 17
VisualStudioVersion = 17.7.34221.43
MinimumVisualStudioVersion = 10.0.40219.1
Project("{FAE04EC0-301F-11D3-BF4B-00C04F79EFBC}") = "PracTest", "PracTest.csproj", "{7D5CC2E9-1BFD-47B0-9654-BB4C1046AFCA}"
EndProject
Global
	GlobalSection(SolutionConfigurationPlatforms) = preSolution
		Debug|Any CPU = Debug|Any CPU
		Release|Any CPU = Release|Any CPU
	EndGlobalSection
	GlobalSection(ProjectConfigurationPlatforms) = postSolution
		{7D5CC2E9-1BFD-47B0-9654-BB4C1046AFCA}.Debug|Any CPU.ActiveCfg = Debug|Any CPU
		{7D5CC2E9-1BFD-47B0-9654-BB4C1046AFCA}.Debug|Any CPU.Build.0 = Debug|Any CPU
		{7D5CC2E9-1BFD-47B0-9654-BB4C1046AFCA}.Release|Any CPU.ActiveCfg = Release|Any CPU
		{7D5CC2E9-1BFD-47B0-9654-BB4C1046AFCA}.Release|Any CPU.Build.0 = Release|Any CPU
	EndGlobalSection
	GlobalSection(SolutionProperties) = preSolution
		HideSolutionNode = FALSE
	EndGlobalSection
	GlobalSection(ExtensibilityGlobals) = postSolution
		SolutionGuid = {5BFE9A72-D979-4318-857A-348DE8ACC889}
	EndGlobalSection
EndGlobal
